
Microsoft Visual Studio Solution File, Format Version 12.00
# Visual Studio 15
VisualStudioVersion = 15.0.28307.1231
MinimumVisualStudioVersion = 10.0.40219.1
Project("{FAE04EC0-301F-11D3-BF4B-00C04F79EFBC}") = "palindrome", "palindrome\palindrome.csproj", "{B9A5F2E2-F514-4E3E-B33B-54FED6CB6B1C}"
EndProject
Global
	GlobalSection(SolutionConfigurationPlatforms) = preSolution
		Debug|Any CPU = Debug|Any CPU
		Release|Any CPU = Release|Any CPU
	EndGlobalSection
	GlobalSection(ProjectConfigurationPlatforms) = postSolution
		{B9A5F2E2-F514-4E3E-B33B-54FED6CB6B1C}.Debug|Any CPU.ActiveCfg = Debug|Any CPU
		{B9A5F2E2-F514-4E3E-B33B-54FED6CB6B1C}.Debug|Any CPU.Build.0 = Debug|Any CPU
		{B9A5F2E2-F514-4E3E-B33B-54FED6CB6B1C}.Release|Any CPU.ActiveCfg = Release|Any CPU
		{B9A5F2E2-F514-4E3E-B33B-54FED6CB6B1C}.Release|Any CPU.Build.0 = Release|Any CPU
	EndGlobalSection
	GlobalSection(SolutionProperties) = preSolution
		HideSolutionNode = FALSE
	EndGlobalSection
	GlobalSection(ExtensibilityGlobals) = postSolution
		SolutionGuid = {0393EA25-8766-46CD-B0B6-CCD450E8E92D}
	EndGlobalSection
EndGlobal
