
Microsoft Visual Studio Solution File, Format Version 12.00
# Visual Studio 15
VisualStudioVersion = 15.0.28307.1231
MinimumVisualStudioVersion = 10.0.40219.1
Project("{FAE04EC0-301F-11D3-BF4B-00C04F79EFBC}") = "sumofdigits", "sumofdigits\sumofdigits.csproj", "{029F5AC6-0DA5-4D85-8193-E6638A58E4F1}"
EndProject
Global
	GlobalSection(SolutionConfigurationPlatforms) = preSolution
		Debug|Any CPU = Debug|Any CPU
		Release|Any CPU = Release|Any CPU
	EndGlobalSection
	GlobalSection(ProjectConfigurationPlatforms) = postSolution
		{029F5AC6-0DA5-4D85-8193-E6638A58E4F1}.Debug|Any CPU.ActiveCfg = Debug|Any CPU
		{029F5AC6-0DA5-4D85-8193-E6638A58E4F1}.Debug|Any CPU.Build.0 = Debug|Any CPU
		{029F5AC6-0DA5-4D85-8193-E6638A58E4F1}.Release|Any CPU.ActiveCfg = Release|Any CPU
		{029F5AC6-0DA5-4D85-8193-E6638A58E4F1}.Release|Any CPU.Build.0 = Release|Any CPU
	EndGlobalSection
	GlobalSection(SolutionProperties) = preSolution
		HideSolutionNode = FALSE
	EndGlobalSection
	GlobalSection(ExtensibilityGlobals) = postSolution
		SolutionGuid = {26C34C3A-CF93-497D-BC26-65B077951760}
	EndGlobalSection
EndGlobal
